
Microsoft Visual Studio Solution File, Format Version 12.00
# Visual Studio 15
VisualStudioVersion = 15.0.27703.2000
MinimumVisualStudioVersion = 10.0.40219.1
Project("{FAE04EC0-301F-11D3-BF4B-00C04F79EFBC}") = "Lab3", "Lab3\Lab3.csproj", "{EEC3AB3B-014D-4D9B-B160-47A4E1561984}"
EndProject
Project("{FAE04EC0-301F-11D3-BF4B-00C04F79EFBC}") = "Entity", "Entity\Entity.csproj", "{4FC4C950-D15A-463B-8434-B03157C9706B}"
EndProject
Project("{FAE04EC0-301F-11D3-BF4B-00C04F79EFBC}") = "Lab3Tests", "Lab3Tests\Lab3Tests.csproj", "{923ECDCB-DF63-4563-9C98-65B373D128E6}"
EndProject
Global
	GlobalSection(SolutionConfigurationPlatforms) = preSolution
		Debug|Any CPU = Debug|Any CPU
		Release|Any CPU = Release|Any CPU
	EndGlobalSection
	GlobalSection(ProjectConfigurationPlatforms) = postSolution
		{EEC3AB3B-014D-4D9B-B160-47A4E1561984}.Debug|Any CPU.ActiveCfg = Debug|Any CPU
		{EEC3AB3B-014D-4D9B-B160-47A4E1561984}.Debug|Any CPU.Build.0 = Debug|Any CPU
		{EEC3AB3B-014D-4D9B-B160-47A4E1561984}.Release|Any CPU.ActiveCfg = Release|Any CPU
		{EEC3AB3B-014D-4D9B-B160-47A4E1561984}.Release|Any CPU.Build.0 = Release|Any CPU
		{4FC4C950-D15A-463B-8434-B03157C9706B}.Debug|Any CPU.ActiveCfg = Debug|Any CPU
		{4FC4C950-D15A-463B-8434-B03157C9706B}.Debug|Any CPU.Build.0 = Debug|Any CPU
		{4FC4C950-D15A-463B-8434-B03157C9706B}.Release|Any CPU.ActiveCfg = Release|Any CPU
		{4FC4C950-D15A-463B-8434-B03157C9706B}.Release|Any CPU.Build.0 = Release|Any CPU
		{923ECDCB-DF63-4563-9C98-65B373D128E6}.Debug|Any CPU.ActiveCfg = Debug|Any CPU
		{923ECDCB-DF63-4563-9C98-65B373D128E6}.Debug|Any CPU.Build.0 = Debug|Any CPU
		{923ECDCB-DF63-4563-9C98-65B373D128E6}.Release|Any CPU.ActiveCfg = Release|Any CPU
		{923ECDCB-DF63-4563-9C98-65B373D128E6}.Release|Any CPU.Build.0 = Release|Any CPU
	EndGlobalSection
	GlobalSection(SolutionProperties) = preSolution
		HideSolutionNode = FALSE
	EndGlobalSection
	GlobalSection(ExtensibilityGlobals) = postSolution
		SolutionGuid = {D25E55E7-8D9D-422A-9168-F2A04F86503D}
	EndGlobalSection
EndGlobal
